# THIS IS AN AUTOGENERATED FILE. DO NOT EDIT THIS FILE DIRECTLY.
# yarn lockfile v1


react-spinners@^0.17.0:
  version "0.17.0"
  resolved "https://registry.yarnpkg.com/react-spinners/-/react-spinners-0.17.0.tgz#d518913e2192afaae76c5b781929ea3bd7b1910e"
  integrity sha512-L/8HTylaBmIWwQzIjMq+0vyaRXuoAevzWoD35wKpNTxxtYXWZp+xtgkfD7Y4WItuX0YvdxMPU79+7VhhmbmuTQ==
